
Microsoft Visual Studio Solution File, Format Version 12.00
# Visual Studio Version 17
VisualStudioVersion = 17.13.35507.96 d17.13
MinimumVisualStudioVersion = 10.0.40219.1
Project("{FAE04EC0-301F-11D3-BF4B-00C04F79EFBC}") = "Fantasy.Backend", "Fantasy.Backend\Fantasy.Backend.csproj", "{566E3C91-4152-4104-9E96-C90F09467209}"
EndProject
Project("{FAE04EC0-301F-11D3-BF4B-00C04F79EFBC}") = "Fantasy.Frontend", "Fantasy.Frontend\Fantasy.Frontend.csproj", "{AD89426F-93A1-46D0-9206-D593111FE475}"
EndProject
Project("{FAE04EC0-301F-11D3-BF4B-00C04F79EFBC}") = "Fantasy.Shared", "Fantasy.Shared\Fantasy.Shared.csproj", "{F5A2461F-7AD3-4497-A4A9-1A4FEF26076A}"
EndProject
Project("{FAE04EC0-301F-11D3-BF4B-00C04F79EFBC}") = "Fantasy.Tests", "Fantasy.Tests\Fantasy.Tests.csproj", "{D8D2DBF3-AF8B-4A22-8B97-CE2D8077C500}"
EndProject
Global
	GlobalSection(SolutionConfigurationPlatforms) = preSolution
		Debug|Any CPU = Debug|Any CPU
		Release|Any CPU = Release|Any CPU
	EndGlobalSection
	GlobalSection(ProjectConfigurationPlatforms) = postSolution
		{566E3C91-4152-4104-9E96-C90F09467209}.Debug|Any CPU.ActiveCfg = Debug|Any CPU
		{566E3C91-4152-4104-9E96-C90F09467209}.Debug|Any CPU.Build.0 = Debug|Any CPU
		{566E3C91-4152-4104-9E96-C90F09467209}.Release|Any CPU.ActiveCfg = Release|Any CPU
		{566E3C91-4152-4104-9E96-C90F09467209}.Release|Any CPU.Build.0 = Release|Any CPU
		{AD89426F-93A1-46D0-9206-D593111FE475}.Debug|Any CPU.ActiveCfg = Debug|Any CPU
		{AD89426F-93A1-46D0-9206-D593111FE475}.Debug|Any CPU.Build.0 = Debug|Any CPU
		{AD89426F-93A1-46D0-9206-D593111FE475}.Release|Any CPU.ActiveCfg = Release|Any CPU
		{AD89426F-93A1-46D0-9206-D593111FE475}.Release|Any CPU.Build.0 = Release|Any CPU
		{F5A2461F-7AD3-4497-A4A9-1A4FEF26076A}.Debug|Any CPU.ActiveCfg = Debug|Any CPU
		{F5A2461F-7AD3-4497-A4A9-1A4FEF26076A}.Debug|Any CPU.Build.0 = Debug|Any CPU
		{F5A2461F-7AD3-4497-A4A9-1A4FEF26076A}.Release|Any CPU.ActiveCfg = Release|Any CPU
		{F5A2461F-7AD3-4497-A4A9-1A4FEF26076A}.Release|Any CPU.Build.0 = Release|Any CPU
		{D8D2DBF3-AF8B-4A22-8B97-CE2D8077C500}.Debug|Any CPU.ActiveCfg = Debug|Any CPU
		{D8D2DBF3-AF8B-4A22-8B97-CE2D8077C500}.Debug|Any CPU.Build.0 = Debug|Any CPU
		{D8D2DBF3-AF8B-4A22-8B97-CE2D8077C500}.Release|Any CPU.ActiveCfg = Release|Any CPU
		{D8D2DBF3-AF8B-4A22-8B97-CE2D8077C500}.Release|Any CPU.Build.0 = Release|Any CPU
	EndGlobalSection
	GlobalSection(SolutionProperties) = preSolution
		HideSolutionNode = FALSE
	EndGlobalSection
	GlobalSection(ExtensibilityGlobals) = postSolution
		SolutionGuid = {9E80DE1B-41C2-45D7-9854-14E312358865}
	EndGlobalSection
EndGlobal
